
Microsoft Visual Studio Solution File, Format Version 12.00
# Visual Studio Version 17
VisualStudioVersion = 17.3.32922.545
MinimumVisualStudioVersion = 10.0.40219.1
Project("{FAE04EC0-301F-11D3-BF4B-00C04F79EFBC}") = "магазин 3", "магазин 3.csproj", "{EC96A93A-C588-4175-A8EE-D2225F5FB1F0}"
EndProject
Global
	GlobalSection(SolutionConfigurationPlatforms) = preSolution
		Debug|Any CPU = Debug|Any CPU
		Release|Any CPU = Release|Any CPU
	EndGlobalSection
	GlobalSection(ProjectConfigurationPlatforms) = postSolution
		{EC96A93A-C588-4175-A8EE-D2225F5FB1F0}.Debug|Any CPU.ActiveCfg = Debug|Any CPU
		{EC96A93A-C588-4175-A8EE-D2225F5FB1F0}.Debug|Any CPU.Build.0 = Debug|Any CPU
		{EC96A93A-C588-4175-A8EE-D2225F5FB1F0}.Release|Any CPU.ActiveCfg = Release|Any CPU
		{EC96A93A-C588-4175-A8EE-D2225F5FB1F0}.Release|Any CPU.Build.0 = Release|Any CPU
	EndGlobalSection
	GlobalSection(SolutionProperties) = preSolution
		HideSolutionNode = FALSE
	EndGlobalSection
	GlobalSection(ExtensibilityGlobals) = postSolution
		SolutionGuid = {1086C3EC-C88C-4C58-ADF6-3503DEC46F0A}
	EndGlobalSection
EndGlobal
